
Microsoft Visual Studio Solution File, Format Version 12.00
# Visual Studio 14
VisualStudioVersion = 14.0.23107.0
MinimumVisualStudioVersion = 10.0.40219.1
Project("{FAE04EC0-301F-11D3-BF4B-00C04F79EFBC}") = "ConAppITEA", "ConAppITEA\ConAppITEA.csproj", "{69B4D57D-C631-41CE-A10C-53B070AACD0B}"
EndProject
Project("{FAE04EC0-301F-11D3-BF4B-00C04F79EFBC}") = "WinFormITEA", "WinFormITEA\WinFormITEA.csproj", "{3190BB1D-69CB-4814-A815-24430C8FEBA2}"
EndProject
Project("{FAE04EC0-301F-11D3-BF4B-00C04F79EFBC}") = "WpfAppITEA", "WpfAppITEA\WpfAppITEA.csproj", "{74CF4092-C0D2-473A-92D4-E0334CF89F16}"
EndProject
Project("{FAE04EC0-301F-11D3-BF4B-00C04F79EFBC}") = "myLibrary", "myLibrary\myLibrary.csproj", "{BD25E653-0C8F-4851-B220-A0A5DC7E2F07}"
EndProject
Global
	GlobalSection(SolutionConfigurationPlatforms) = preSolution
		Debug|Any CPU = Debug|Any CPU
		Release|Any CPU = Release|Any CPU
	EndGlobalSection
	GlobalSection(ProjectConfigurationPlatforms) = postSolution
		{69B4D57D-C631-41CE-A10C-53B070AACD0B}.Debug|Any CPU.ActiveCfg = Debug|Any CPU
		{69B4D57D-C631-41CE-A10C-53B070AACD0B}.Debug|Any CPU.Build.0 = Debug|Any CPU
		{69B4D57D-C631-41CE-A10C-53B070AACD0B}.Release|Any CPU.ActiveCfg = Release|Any CPU
		{69B4D57D-C631-41CE-A10C-53B070AACD0B}.Release|Any CPU.Build.0 = Release|Any CPU
		{3190BB1D-69CB-4814-A815-24430C8FEBA2}.Debug|Any CPU.ActiveCfg = Debug|Any CPU
		{3190BB1D-69CB-4814-A815-24430C8FEBA2}.Debug|Any CPU.Build.0 = Debug|Any CPU
		{3190BB1D-69CB-4814-A815-24430C8FEBA2}.Release|Any CPU.ActiveCfg = Release|Any CPU
		{3190BB1D-69CB-4814-A815-24430C8FEBA2}.Release|Any CPU.Build.0 = Release|Any CPU
		{74CF4092-C0D2-473A-92D4-E0334CF89F16}.Debug|Any CPU.ActiveCfg = Debug|Any CPU
		{74CF4092-C0D2-473A-92D4-E0334CF89F16}.Debug|Any CPU.Build.0 = Debug|Any CPU
		{74CF4092-C0D2-473A-92D4-E0334CF89F16}.Release|Any CPU.ActiveCfg = Release|Any CPU
		{74CF4092-C0D2-473A-92D4-E0334CF89F16}.Release|Any CPU.Build.0 = Release|Any CPU
		{BD25E653-0C8F-4851-B220-A0A5DC7E2F07}.Debug|Any CPU.ActiveCfg = Debug|Any CPU
		{BD25E653-0C8F-4851-B220-A0A5DC7E2F07}.Debug|Any CPU.Build.0 = Debug|Any CPU
		{BD25E653-0C8F-4851-B220-A0A5DC7E2F07}.Release|Any CPU.ActiveCfg = Release|Any CPU
		{BD25E653-0C8F-4851-B220-A0A5DC7E2F07}.Release|Any CPU.Build.0 = Release|Any CPU
	EndGlobalSection
	GlobalSection(SolutionProperties) = preSolution
		HideSolutionNode = FALSE
	EndGlobalSection
EndGlobal
