
Microsoft Visual Studio Solution File, Format Version 12.00
# Visual Studio 14
VisualStudioVersion = 14.0.23107.0
MinimumVisualStudioVersion = 10.0.40219.1
Project("{FAE04EC0-301F-11D3-BF4B-00C04F79EFBC}") = "ConAppIteaLes2", "ConAppIteaLes2\ConAppIteaLes2.csproj", "{5A13F0C4-53CC-430A-A4BA-0508982641F9}"
EndProject
Project("{FAE04EC0-301F-11D3-BF4B-00C04F79EFBC}") = "ConAppMyData", "ConAppMyData\ConAppMyData.csproj", "{5503F794-D057-4EBA-BB1D-74B91ABA4E99}"
EndProject
Global
	GlobalSection(SolutionConfigurationPlatforms) = preSolution
		Debug|Any CPU = Debug|Any CPU
		Release|Any CPU = Release|Any CPU
	EndGlobalSection
	GlobalSection(ProjectConfigurationPlatforms) = postSolution
		{5A13F0C4-53CC-430A-A4BA-0508982641F9}.Debug|Any CPU.ActiveCfg = Debug|Any CPU
		{5A13F0C4-53CC-430A-A4BA-0508982641F9}.Debug|Any CPU.Build.0 = Debug|Any CPU
		{5A13F0C4-53CC-430A-A4BA-0508982641F9}.Release|Any CPU.ActiveCfg = Release|Any CPU
		{5A13F0C4-53CC-430A-A4BA-0508982641F9}.Release|Any CPU.Build.0 = Release|Any CPU
		{5503F794-D057-4EBA-BB1D-74B91ABA4E99}.Debug|Any CPU.ActiveCfg = Debug|Any CPU
		{5503F794-D057-4EBA-BB1D-74B91ABA4E99}.Debug|Any CPU.Build.0 = Debug|Any CPU
		{5503F794-D057-4EBA-BB1D-74B91ABA4E99}.Release|Any CPU.ActiveCfg = Release|Any CPU
		{5503F794-D057-4EBA-BB1D-74B91ABA4E99}.Release|Any CPU.Build.0 = Release|Any CPU
	EndGlobalSection
	GlobalSection(SolutionProperties) = preSolution
		HideSolutionNode = FALSE
	EndGlobalSection
EndGlobal
