
Microsoft Visual Studio Solution File, Format Version 12.00
# Visual Studio 14
VisualStudioVersion = 14.0.23107.0
MinimumVisualStudioVersion = 10.0.40219.1
Project("{FAE04EC0-301F-11D3-BF4B-00C04F79EFBC}") = "ConAppIteaLes2", "ConAppIteaLes2\ConAppIteaLes2.csproj", "{5A13F0C4-53CC-430A-A4BA-0508982641F9}"
EndProject
Project("{FAE04EC0-301F-11D3-BF4B-00C04F79EFBC}") = "ConAppMyData", "ConAppMyData\ConAppMyData.csproj", "{5503F794-D057-4EBA-BB1D-74B91ABA4E99}"
EndProject
Project("{FAE04EC0-301F-11D3-BF4B-00C04F79EFBC}") = "ConeAppHomeWork", "ConeAppHomeWork\ConeAppHomeWork.csproj", "{01A11A34-AE7A-4EA5-BA2A-0D455159710B}"
EndProject
Project("{FAE04EC0-301F-11D3-BF4B-00C04F79EFBC}") = "Exer1Formula", "ConAppExercise1\Exer1Formula.csproj", "{CCDCB83A-3061-4922-866D-1B80B3C1E827}"
EndProject
Project("{FAE04EC0-301F-11D3-BF4B-00C04F79EFBC}") = "Exer2SumTwoNumbers", "ConAppExercise2\Exer2SumTwoNumbers.csproj", "{C672AA22-A27E-40A4-A174-FEBAA4ACAA75}"
EndProject
Project("{FAE04EC0-301F-11D3-BF4B-00C04F79EFBC}") = "Exer3ThreeNumbers", "ConAppExercise3\Exer3ThreeNumbers.csproj", "{3B0288D6-6F7A-4AA6-9E54-BC93176E9100}"
EndProject
Project("{FAE04EC0-301F-11D3-BF4B-00C04F79EFBC}") = "Exer4Square", "ConAppExercise4\Exer4Square.csproj", "{7A2FAFAC-A679-420A-872D-F6856D47BA0E}"
EndProject
Project("{FAE04EC0-301F-11D3-BF4B-00C04F79EFBC}") = "Exer5Speed", "ConAppExercise5\Exer5Speed.csproj", "{4F2C843D-FCEA-4B18-9751-1D72236C824B}"
EndProject
Project("{FAE04EC0-301F-11D3-BF4B-00C04F79EFBC}") = "Exer6Fahrenheit", "ConAppExercise6\Exer6Fahrenheit.csproj", "{B2FDE1A2-5866-4EC8-B492-3587C782AA41}"
EndProject
Project("{FAE04EC0-301F-11D3-BF4B-00C04F79EFBC}") = "Exer7CountDays", "Exer7CountDays\Exer7CountDays.csproj", "{D474532F-7D6D-4D55-ABDD-9B326F9B8CA9}"
EndProject
Project("{FAE04EC0-301F-11D3-BF4B-00C04F79EFBC}") = "Exer8TransposeNum", "Exer8TransposeNum\Exer8TransposeNum.csproj", "{4B9AC72F-1031-4281-8A0C-B70B7CB771EB}"
EndProject
Project("{FAE04EC0-301F-11D3-BF4B-00C04F79EFBC}") = "Exer9PrintRectangle", "Exer8PrintRectangle\Exer9PrintRectangle.csproj", "{93A61615-04CD-414C-86CB-C19AA502DEA4}"
EndProject
Project("{FAE04EC0-301F-11D3-BF4B-00C04F79EFBC}") = "Exer10CubeNum", "Exer10CubeNum\Exer10CubeNum.csproj", "{1D1D23A7-1494-4AB4-B5AB-85E796893A02}"
EndProject
Global
	GlobalSection(SolutionConfigurationPlatforms) = preSolution
		Debug|Any CPU = Debug|Any CPU
		Release|Any CPU = Release|Any CPU
	EndGlobalSection
	GlobalSection(ProjectConfigurationPlatforms) = postSolution
		{5A13F0C4-53CC-430A-A4BA-0508982641F9}.Debug|Any CPU.ActiveCfg = Debug|Any CPU
		{5A13F0C4-53CC-430A-A4BA-0508982641F9}.Debug|Any CPU.Build.0 = Debug|Any CPU
		{5A13F0C4-53CC-430A-A4BA-0508982641F9}.Release|Any CPU.ActiveCfg = Release|Any CPU
		{5A13F0C4-53CC-430A-A4BA-0508982641F9}.Release|Any CPU.Build.0 = Release|Any CPU
		{5503F794-D057-4EBA-BB1D-74B91ABA4E99}.Debug|Any CPU.ActiveCfg = Debug|Any CPU
		{5503F794-D057-4EBA-BB1D-74B91ABA4E99}.Debug|Any CPU.Build.0 = Debug|Any CPU
		{5503F794-D057-4EBA-BB1D-74B91ABA4E99}.Release|Any CPU.ActiveCfg = Release|Any CPU
		{5503F794-D057-4EBA-BB1D-74B91ABA4E99}.Release|Any CPU.Build.0 = Release|Any CPU
		{01A11A34-AE7A-4EA5-BA2A-0D455159710B}.Debug|Any CPU.ActiveCfg = Debug|Any CPU
		{01A11A34-AE7A-4EA5-BA2A-0D455159710B}.Debug|Any CPU.Build.0 = Debug|Any CPU
		{01A11A34-AE7A-4EA5-BA2A-0D455159710B}.Release|Any CPU.ActiveCfg = Release|Any CPU
		{01A11A34-AE7A-4EA5-BA2A-0D455159710B}.Release|Any CPU.Build.0 = Release|Any CPU
		{CCDCB83A-3061-4922-866D-1B80B3C1E827}.Debug|Any CPU.ActiveCfg = Debug|Any CPU
		{CCDCB83A-3061-4922-866D-1B80B3C1E827}.Debug|Any CPU.Build.0 = Debug|Any CPU
		{CCDCB83A-3061-4922-866D-1B80B3C1E827}.Release|Any CPU.ActiveCfg = Release|Any CPU
		{CCDCB83A-3061-4922-866D-1B80B3C1E827}.Release|Any CPU.Build.0 = Release|Any CPU
		{C672AA22-A27E-40A4-A174-FEBAA4ACAA75}.Debug|Any CPU.ActiveCfg = Debug|Any CPU
		{C672AA22-A27E-40A4-A174-FEBAA4ACAA75}.Debug|Any CPU.Build.0 = Debug|Any CPU
		{C672AA22-A27E-40A4-A174-FEBAA4ACAA75}.Release|Any CPU.ActiveCfg = Release|Any CPU
		{C672AA22-A27E-40A4-A174-FEBAA4ACAA75}.Release|Any CPU.Build.0 = Release|Any CPU
		{3B0288D6-6F7A-4AA6-9E54-BC93176E9100}.Debug|Any CPU.ActiveCfg = Debug|Any CPU
		{3B0288D6-6F7A-4AA6-9E54-BC93176E9100}.Debug|Any CPU.Build.0 = Debug|Any CPU
		{3B0288D6-6F7A-4AA6-9E54-BC93176E9100}.Release|Any CPU.ActiveCfg = Release|Any CPU
		{3B0288D6-6F7A-4AA6-9E54-BC93176E9100}.Release|Any CPU.Build.0 = Release|Any CPU
		{7A2FAFAC-A679-420A-872D-F6856D47BA0E}.Debug|Any CPU.ActiveCfg = Debug|Any CPU
		{7A2FAFAC-A679-420A-872D-F6856D47BA0E}.Debug|Any CPU.Build.0 = Debug|Any CPU
		{7A2FAFAC-A679-420A-872D-F6856D47BA0E}.Release|Any CPU.ActiveCfg = Release|Any CPU
		{7A2FAFAC-A679-420A-872D-F6856D47BA0E}.Release|Any CPU.Build.0 = Release|Any CPU
		{4F2C843D-FCEA-4B18-9751-1D72236C824B}.Debug|Any CPU.ActiveCfg = Debug|Any CPU
		{4F2C843D-FCEA-4B18-9751-1D72236C824B}.Debug|Any CPU.Build.0 = Debug|Any CPU
		{4F2C843D-FCEA-4B18-9751-1D72236C824B}.Release|Any CPU.ActiveCfg = Release|Any CPU
		{4F2C843D-FCEA-4B18-9751-1D72236C824B}.Release|Any CPU.Build.0 = Release|Any CPU
		{B2FDE1A2-5866-4EC8-B492-3587C782AA41}.Debug|Any CPU.ActiveCfg = Debug|Any CPU
		{B2FDE1A2-5866-4EC8-B492-3587C782AA41}.Debug|Any CPU.Build.0 = Debug|Any CPU
		{B2FDE1A2-5866-4EC8-B492-3587C782AA41}.Release|Any CPU.ActiveCfg = Release|Any CPU
		{B2FDE1A2-5866-4EC8-B492-3587C782AA41}.Release|Any CPU.Build.0 = Release|Any CPU
		{D474532F-7D6D-4D55-ABDD-9B326F9B8CA9}.Debug|Any CPU.ActiveCfg = Debug|Any CPU
		{D474532F-7D6D-4D55-ABDD-9B326F9B8CA9}.Debug|Any CPU.Build.0 = Debug|Any CPU
		{D474532F-7D6D-4D55-ABDD-9B326F9B8CA9}.Release|Any CPU.ActiveCfg = Release|Any CPU
		{D474532F-7D6D-4D55-ABDD-9B326F9B8CA9}.Release|Any CPU.Build.0 = Release|Any CPU
		{4B9AC72F-1031-4281-8A0C-B70B7CB771EB}.Debug|Any CPU.ActiveCfg = Debug|Any CPU
		{4B9AC72F-1031-4281-8A0C-B70B7CB771EB}.Debug|Any CPU.Build.0 = Debug|Any CPU
		{4B9AC72F-1031-4281-8A0C-B70B7CB771EB}.Release|Any CPU.ActiveCfg = Release|Any CPU
		{4B9AC72F-1031-4281-8A0C-B70B7CB771EB}.Release|Any CPU.Build.0 = Release|Any CPU
		{93A61615-04CD-414C-86CB-C19AA502DEA4}.Debug|Any CPU.ActiveCfg = Debug|Any CPU
		{93A61615-04CD-414C-86CB-C19AA502DEA4}.Debug|Any CPU.Build.0 = Debug|Any CPU
		{93A61615-04CD-414C-86CB-C19AA502DEA4}.Release|Any CPU.ActiveCfg = Release|Any CPU
		{93A61615-04CD-414C-86CB-C19AA502DEA4}.Release|Any CPU.Build.0 = Release|Any CPU
		{1D1D23A7-1494-4AB4-B5AB-85E796893A02}.Debug|Any CPU.ActiveCfg = Debug|Any CPU
		{1D1D23A7-1494-4AB4-B5AB-85E796893A02}.Debug|Any CPU.Build.0 = Debug|Any CPU
		{1D1D23A7-1494-4AB4-B5AB-85E796893A02}.Release|Any CPU.ActiveCfg = Release|Any CPU
		{1D1D23A7-1494-4AB4-B5AB-85E796893A02}.Release|Any CPU.Build.0 = Release|Any CPU
	EndGlobalSection
	GlobalSection(SolutionProperties) = preSolution
		HideSolutionNode = FALSE
	EndGlobalSection
EndGlobal
