
Microsoft Visual Studio Solution File, Format Version 12.00
# Visual Studio 14
VisualStudioVersion = 14.0.23107.0
MinimumVisualStudioVersion = 10.0.40219.1
Project("{FAE04EC0-301F-11D3-BF4B-00C04F79EFBC}") = "ConAppIteaLes4", "ConAppIteaLes4\ConAppIteaLes4.csproj", "{23E1D0A9-E613-45C6-8161-9E3639465433}"
EndProject
Project("{FAE04EC0-301F-11D3-BF4B-00C04F79EFBC}") = "Task1", "Task1\Task1.csproj", "{52EF3210-D7DC-4F78-AB64-C58ADB7BD169}"
EndProject
Project("{FAE04EC0-301F-11D3-BF4B-00C04F79EFBC}") = "Task2", "Task2\Task2.csproj", "{CD4AE148-ED00-4BF4-B551-FE1717A4DDFB}"
EndProject
Project("{FAE04EC0-301F-11D3-BF4B-00C04F79EFBC}") = "Task3", "Task3\Task3.csproj", "{4887C7FC-7667-42F4-9D70-F8E966BFB834}"
EndProject
Project("{FAE04EC0-301F-11D3-BF4B-00C04F79EFBC}") = "Task5", "Task5\Task5.csproj", "{B76E901F-F396-46A0-B897-3C294FFF8804}"
EndProject
Project("{FAE04EC0-301F-11D3-BF4B-00C04F79EFBC}") = "Task6", "Task6\Task6.csproj", "{B1A06489-A210-45D6-A0F1-BB20CE5EB5B4}"
EndProject
Project("{FAE04EC0-301F-11D3-BF4B-00C04F79EFBC}") = "HomeWork1", "HomeWork1\HomeWork1.csproj", "{8C24500F-B23E-4519-872B-687F8A20812B}"
EndProject
Project("{FAE04EC0-301F-11D3-BF4B-00C04F79EFBC}") = "HomeWork2", "HomeWork2\HomeWork2.csproj", "{0349CB25-73A4-433A-A0C5-50073EE4678D}"
EndProject
Project("{FAE04EC0-301F-11D3-BF4B-00C04F79EFBC}") = "HomeWork4", "HomeWork4\HomeWork4.csproj", "{DE155FBA-273B-4610-90C3-F2BF7B84C26B}"
EndProject
Project("{FAE04EC0-301F-11D3-BF4B-00C04F79EFBC}") = "HomeWork3", "HomeWork3\HomeWork3.csproj", "{CD8F4276-EF10-4FAB-A717-C71793B0AEBE}"
EndProject
Project("{FAE04EC0-301F-11D3-BF4B-00C04F79EFBC}") = "HomeWork5", "HomeWork5\HomeWork5.csproj", "{7812EAD9-27CC-4A13-922D-C8C85EA34C66}"
EndProject
Project("{FAE04EC0-301F-11D3-BF4B-00C04F79EFBC}") = "HomeWork6", "HomeWork6\HomeWork6.csproj", "{D56BCFF9-B7F6-4181-98FF-2F09FF5977D4}"
EndProject
Project("{FAE04EC0-301F-11D3-BF4B-00C04F79EFBC}") = "HomeWork7", "HomeWork7\HomeWork7.csproj", "{10B72972-6422-4FD8-A56D-5693B3F69A60}"
EndProject
Project("{FAE04EC0-301F-11D3-BF4B-00C04F79EFBC}") = "HomeWork8", "HomeWork8\HomeWork8.csproj", "{8C67513B-F7E1-4F8A-A4E5-4E764BA150A8}"
EndProject
Global
	GlobalSection(SolutionConfigurationPlatforms) = preSolution
		Debug|Any CPU = Debug|Any CPU
		Release|Any CPU = Release|Any CPU
	EndGlobalSection
	GlobalSection(ProjectConfigurationPlatforms) = postSolution
		{23E1D0A9-E613-45C6-8161-9E3639465433}.Debug|Any CPU.ActiveCfg = Debug|Any CPU
		{23E1D0A9-E613-45C6-8161-9E3639465433}.Debug|Any CPU.Build.0 = Debug|Any CPU
		{23E1D0A9-E613-45C6-8161-9E3639465433}.Release|Any CPU.ActiveCfg = Release|Any CPU
		{23E1D0A9-E613-45C6-8161-9E3639465433}.Release|Any CPU.Build.0 = Release|Any CPU
		{52EF3210-D7DC-4F78-AB64-C58ADB7BD169}.Debug|Any CPU.ActiveCfg = Debug|Any CPU
		{52EF3210-D7DC-4F78-AB64-C58ADB7BD169}.Debug|Any CPU.Build.0 = Debug|Any CPU
		{52EF3210-D7DC-4F78-AB64-C58ADB7BD169}.Release|Any CPU.ActiveCfg = Release|Any CPU
		{52EF3210-D7DC-4F78-AB64-C58ADB7BD169}.Release|Any CPU.Build.0 = Release|Any CPU
		{CD4AE148-ED00-4BF4-B551-FE1717A4DDFB}.Debug|Any CPU.ActiveCfg = Debug|Any CPU
		{CD4AE148-ED00-4BF4-B551-FE1717A4DDFB}.Debug|Any CPU.Build.0 = Debug|Any CPU
		{CD4AE148-ED00-4BF4-B551-FE1717A4DDFB}.Release|Any CPU.ActiveCfg = Release|Any CPU
		{CD4AE148-ED00-4BF4-B551-FE1717A4DDFB}.Release|Any CPU.Build.0 = Release|Any CPU
		{4887C7FC-7667-42F4-9D70-F8E966BFB834}.Debug|Any CPU.ActiveCfg = Debug|Any CPU
		{4887C7FC-7667-42F4-9D70-F8E966BFB834}.Debug|Any CPU.Build.0 = Debug|Any CPU
		{4887C7FC-7667-42F4-9D70-F8E966BFB834}.Release|Any CPU.ActiveCfg = Release|Any CPU
		{4887C7FC-7667-42F4-9D70-F8E966BFB834}.Release|Any CPU.Build.0 = Release|Any CPU
		{B76E901F-F396-46A0-B897-3C294FFF8804}.Debug|Any CPU.ActiveCfg = Debug|Any CPU
		{B76E901F-F396-46A0-B897-3C294FFF8804}.Debug|Any CPU.Build.0 = Debug|Any CPU
		{B76E901F-F396-46A0-B897-3C294FFF8804}.Release|Any CPU.ActiveCfg = Release|Any CPU
		{B76E901F-F396-46A0-B897-3C294FFF8804}.Release|Any CPU.Build.0 = Release|Any CPU
		{B1A06489-A210-45D6-A0F1-BB20CE5EB5B4}.Debug|Any CPU.ActiveCfg = Debug|Any CPU
		{B1A06489-A210-45D6-A0F1-BB20CE5EB5B4}.Debug|Any CPU.Build.0 = Debug|Any CPU
		{B1A06489-A210-45D6-A0F1-BB20CE5EB5B4}.Release|Any CPU.ActiveCfg = Release|Any CPU
		{B1A06489-A210-45D6-A0F1-BB20CE5EB5B4}.Release|Any CPU.Build.0 = Release|Any CPU
		{8C24500F-B23E-4519-872B-687F8A20812B}.Debug|Any CPU.ActiveCfg = Debug|Any CPU
		{8C24500F-B23E-4519-872B-687F8A20812B}.Debug|Any CPU.Build.0 = Debug|Any CPU
		{8C24500F-B23E-4519-872B-687F8A20812B}.Release|Any CPU.ActiveCfg = Release|Any CPU
		{8C24500F-B23E-4519-872B-687F8A20812B}.Release|Any CPU.Build.0 = Release|Any CPU
		{0349CB25-73A4-433A-A0C5-50073EE4678D}.Debug|Any CPU.ActiveCfg = Debug|Any CPU
		{0349CB25-73A4-433A-A0C5-50073EE4678D}.Debug|Any CPU.Build.0 = Debug|Any CPU
		{0349CB25-73A4-433A-A0C5-50073EE4678D}.Release|Any CPU.ActiveCfg = Release|Any CPU
		{0349CB25-73A4-433A-A0C5-50073EE4678D}.Release|Any CPU.Build.0 = Release|Any CPU
		{DE155FBA-273B-4610-90C3-F2BF7B84C26B}.Debug|Any CPU.ActiveCfg = Debug|Any CPU
		{DE155FBA-273B-4610-90C3-F2BF7B84C26B}.Debug|Any CPU.Build.0 = Debug|Any CPU
		{DE155FBA-273B-4610-90C3-F2BF7B84C26B}.Release|Any CPU.ActiveCfg = Release|Any CPU
		{DE155FBA-273B-4610-90C3-F2BF7B84C26B}.Release|Any CPU.Build.0 = Release|Any CPU
		{CD8F4276-EF10-4FAB-A717-C71793B0AEBE}.Debug|Any CPU.ActiveCfg = Debug|Any CPU
		{CD8F4276-EF10-4FAB-A717-C71793B0AEBE}.Debug|Any CPU.Build.0 = Debug|Any CPU
		{CD8F4276-EF10-4FAB-A717-C71793B0AEBE}.Release|Any CPU.ActiveCfg = Release|Any CPU
		{CD8F4276-EF10-4FAB-A717-C71793B0AEBE}.Release|Any CPU.Build.0 = Release|Any CPU
		{7812EAD9-27CC-4A13-922D-C8C85EA34C66}.Debug|Any CPU.ActiveCfg = Debug|Any CPU
		{7812EAD9-27CC-4A13-922D-C8C85EA34C66}.Debug|Any CPU.Build.0 = Debug|Any CPU
		{7812EAD9-27CC-4A13-922D-C8C85EA34C66}.Release|Any CPU.ActiveCfg = Release|Any CPU
		{7812EAD9-27CC-4A13-922D-C8C85EA34C66}.Release|Any CPU.Build.0 = Release|Any CPU
		{D56BCFF9-B7F6-4181-98FF-2F09FF5977D4}.Debug|Any CPU.ActiveCfg = Debug|Any CPU
		{D56BCFF9-B7F6-4181-98FF-2F09FF5977D4}.Debug|Any CPU.Build.0 = Debug|Any CPU
		{D56BCFF9-B7F6-4181-98FF-2F09FF5977D4}.Release|Any CPU.ActiveCfg = Release|Any CPU
		{D56BCFF9-B7F6-4181-98FF-2F09FF5977D4}.Release|Any CPU.Build.0 = Release|Any CPU
		{10B72972-6422-4FD8-A56D-5693B3F69A60}.Debug|Any CPU.ActiveCfg = Debug|Any CPU
		{10B72972-6422-4FD8-A56D-5693B3F69A60}.Debug|Any CPU.Build.0 = Debug|Any CPU
		{10B72972-6422-4FD8-A56D-5693B3F69A60}.Release|Any CPU.ActiveCfg = Release|Any CPU
		{10B72972-6422-4FD8-A56D-5693B3F69A60}.Release|Any CPU.Build.0 = Release|Any CPU
		{8C67513B-F7E1-4F8A-A4E5-4E764BA150A8}.Debug|Any CPU.ActiveCfg = Debug|Any CPU
		{8C67513B-F7E1-4F8A-A4E5-4E764BA150A8}.Debug|Any CPU.Build.0 = Debug|Any CPU
		{8C67513B-F7E1-4F8A-A4E5-4E764BA150A8}.Release|Any CPU.ActiveCfg = Release|Any CPU
		{8C67513B-F7E1-4F8A-A4E5-4E764BA150A8}.Release|Any CPU.Build.0 = Release|Any CPU
	EndGlobalSection
	GlobalSection(SolutionProperties) = preSolution
		HideSolutionNode = FALSE
	EndGlobalSection
EndGlobal
