
Microsoft Visual Studio Solution File, Format Version 12.00
# Visual Studio 14
VisualStudioVersion = 14.0.25420.1
MinimumVisualStudioVersion = 10.0.40219.1
Project("{FAE04EC0-301F-11D3-BF4B-00C04F79EFBC}") = "ConAppIteaLes3", "ConAppIteaLes3\ConAppIteaLes3.csproj", "{83C9FEE8-C162-4804-80B5-7AA479A615C7}"
EndProject
Project("{FAE04EC0-301F-11D3-BF4B-00C04F79EFBC}") = "ConsoleAppMonthName", "ConsoleAppMonthName\ConsoleAppMonthName.csproj", "{37E4D3AE-D39C-4971-B6E6-ADBD37F18F8A}"
EndProject
Project("{FAE04EC0-301F-11D3-BF4B-00C04F79EFBC}") = "ConApplOstatoc", "ConApplOstatoc\ConApplOstatoc.csproj", "{C1F35FB0-6731-468A-A4DD-B0E974E73324}"
EndProject
Project("{FAE04EC0-301F-11D3-BF4B-00C04F79EFBC}") = "ConAppSquareRoot", "ConAppSquareRoot\ConAppSquareRoot.csproj", "{CB00BFBD-5B81-4B8F-ACBE-A2CC798F79F8}"
EndProject
Project("{FAE04EC0-301F-11D3-BF4B-00C04F79EFBC}") = "Exer1", "Exer1\Exer1.csproj", "{3F317A54-09A1-4954-BAED-57F0F35505CE}"
EndProject
Project("{FAE04EC0-301F-11D3-BF4B-00C04F79EFBC}") = "Exer2", "Exer2\Exer2.csproj", "{85816116-9FED-4578-8C2A-2D47DDA70BDE}"
EndProject
Project("{FAE04EC0-301F-11D3-BF4B-00C04F79EFBC}") = "Exer3", "Exer3\Exer3.csproj", "{90D72010-2C2B-4405-8A46-E6DF67C7DB36}"
EndProject
Project("{FAE04EC0-301F-11D3-BF4B-00C04F79EFBC}") = "Exer4", "Exer4\Exer4.csproj", "{2C51E63F-EC55-40ED-A9B8-913A7CCE7171}"
EndProject
Project("{FAE04EC0-301F-11D3-BF4B-00C04F79EFBC}") = "Exer5", "Учук5\Exer5.csproj", "{C29C0A32-173C-4188-A9BA-C4E0969EC33D}"
EndProject
Project("{FAE04EC0-301F-11D3-BF4B-00C04F79EFBC}") = "Exer6", "Exer6\Exer6.csproj", "{79FA198D-AD3B-4052-98E1-441E8921151C}"
EndProject
Project("{FAE04EC0-301F-11D3-BF4B-00C04F79EFBC}") = "Exer7", "Exer7\Exer7.csproj", "{4B7144B3-0980-4B40-9ADE-4E91691819C9}"
EndProject
Project("{FAE04EC0-301F-11D3-BF4B-00C04F79EFBC}") = "Exer8", "Exer8\Exer8.csproj", "{F0B0110F-F76F-4C2B-B44C-B147BD3A1B5A}"
EndProject
Project("{FAE04EC0-301F-11D3-BF4B-00C04F79EFBC}") = "Exer9", "Exer9\Exer9.csproj", "{1897C40A-99E1-49D3-AFC2-FE5147BDB1DC}"
EndProject
Project("{FAE04EC0-301F-11D3-BF4B-00C04F79EFBC}") = "Exer10", "Exer10\Exer10.csproj", "{C2AA2947-AB24-4E64-805D-893995293BA0}"
EndProject
Global
	GlobalSection(SolutionConfigurationPlatforms) = preSolution
		Debug|Any CPU = Debug|Any CPU
		Release|Any CPU = Release|Any CPU
	EndGlobalSection
	GlobalSection(ProjectConfigurationPlatforms) = postSolution
		{83C9FEE8-C162-4804-80B5-7AA479A615C7}.Debug|Any CPU.ActiveCfg = Debug|Any CPU
		{83C9FEE8-C162-4804-80B5-7AA479A615C7}.Debug|Any CPU.Build.0 = Debug|Any CPU
		{83C9FEE8-C162-4804-80B5-7AA479A615C7}.Release|Any CPU.ActiveCfg = Release|Any CPU
		{83C9FEE8-C162-4804-80B5-7AA479A615C7}.Release|Any CPU.Build.0 = Release|Any CPU
		{37E4D3AE-D39C-4971-B6E6-ADBD37F18F8A}.Debug|Any CPU.ActiveCfg = Debug|Any CPU
		{37E4D3AE-D39C-4971-B6E6-ADBD37F18F8A}.Debug|Any CPU.Build.0 = Debug|Any CPU
		{37E4D3AE-D39C-4971-B6E6-ADBD37F18F8A}.Release|Any CPU.ActiveCfg = Release|Any CPU
		{37E4D3AE-D39C-4971-B6E6-ADBD37F18F8A}.Release|Any CPU.Build.0 = Release|Any CPU
		{C1F35FB0-6731-468A-A4DD-B0E974E73324}.Debug|Any CPU.ActiveCfg = Debug|Any CPU
		{C1F35FB0-6731-468A-A4DD-B0E974E73324}.Debug|Any CPU.Build.0 = Debug|Any CPU
		{C1F35FB0-6731-468A-A4DD-B0E974E73324}.Release|Any CPU.ActiveCfg = Release|Any CPU
		{C1F35FB0-6731-468A-A4DD-B0E974E73324}.Release|Any CPU.Build.0 = Release|Any CPU
		{CB00BFBD-5B81-4B8F-ACBE-A2CC798F79F8}.Debug|Any CPU.ActiveCfg = Debug|Any CPU
		{CB00BFBD-5B81-4B8F-ACBE-A2CC798F79F8}.Debug|Any CPU.Build.0 = Debug|Any CPU
		{CB00BFBD-5B81-4B8F-ACBE-A2CC798F79F8}.Release|Any CPU.ActiveCfg = Release|Any CPU
		{CB00BFBD-5B81-4B8F-ACBE-A2CC798F79F8}.Release|Any CPU.Build.0 = Release|Any CPU
		{3F317A54-09A1-4954-BAED-57F0F35505CE}.Debug|Any CPU.ActiveCfg = Debug|Any CPU
		{3F317A54-09A1-4954-BAED-57F0F35505CE}.Debug|Any CPU.Build.0 = Debug|Any CPU
		{3F317A54-09A1-4954-BAED-57F0F35505CE}.Release|Any CPU.ActiveCfg = Release|Any CPU
		{3F317A54-09A1-4954-BAED-57F0F35505CE}.Release|Any CPU.Build.0 = Release|Any CPU
		{85816116-9FED-4578-8C2A-2D47DDA70BDE}.Debug|Any CPU.ActiveCfg = Debug|Any CPU
		{85816116-9FED-4578-8C2A-2D47DDA70BDE}.Debug|Any CPU.Build.0 = Debug|Any CPU
		{85816116-9FED-4578-8C2A-2D47DDA70BDE}.Release|Any CPU.ActiveCfg = Release|Any CPU
		{85816116-9FED-4578-8C2A-2D47DDA70BDE}.Release|Any CPU.Build.0 = Release|Any CPU
		{90D72010-2C2B-4405-8A46-E6DF67C7DB36}.Debug|Any CPU.ActiveCfg = Debug|Any CPU
		{90D72010-2C2B-4405-8A46-E6DF67C7DB36}.Debug|Any CPU.Build.0 = Debug|Any CPU
		{90D72010-2C2B-4405-8A46-E6DF67C7DB36}.Release|Any CPU.ActiveCfg = Release|Any CPU
		{90D72010-2C2B-4405-8A46-E6DF67C7DB36}.Release|Any CPU.Build.0 = Release|Any CPU
		{2C51E63F-EC55-40ED-A9B8-913A7CCE7171}.Debug|Any CPU.ActiveCfg = Debug|Any CPU
		{2C51E63F-EC55-40ED-A9B8-913A7CCE7171}.Debug|Any CPU.Build.0 = Debug|Any CPU
		{2C51E63F-EC55-40ED-A9B8-913A7CCE7171}.Release|Any CPU.ActiveCfg = Release|Any CPU
		{2C51E63F-EC55-40ED-A9B8-913A7CCE7171}.Release|Any CPU.Build.0 = Release|Any CPU
		{C29C0A32-173C-4188-A9BA-C4E0969EC33D}.Debug|Any CPU.ActiveCfg = Debug|Any CPU
		{C29C0A32-173C-4188-A9BA-C4E0969EC33D}.Debug|Any CPU.Build.0 = Debug|Any CPU
		{C29C0A32-173C-4188-A9BA-C4E0969EC33D}.Release|Any CPU.ActiveCfg = Release|Any CPU
		{C29C0A32-173C-4188-A9BA-C4E0969EC33D}.Release|Any CPU.Build.0 = Release|Any CPU
		{79FA198D-AD3B-4052-98E1-441E8921151C}.Debug|Any CPU.ActiveCfg = Debug|Any CPU
		{79FA198D-AD3B-4052-98E1-441E8921151C}.Debug|Any CPU.Build.0 = Debug|Any CPU
		{79FA198D-AD3B-4052-98E1-441E8921151C}.Release|Any CPU.ActiveCfg = Release|Any CPU
		{79FA198D-AD3B-4052-98E1-441E8921151C}.Release|Any CPU.Build.0 = Release|Any CPU
		{4B7144B3-0980-4B40-9ADE-4E91691819C9}.Debug|Any CPU.ActiveCfg = Debug|Any CPU
		{4B7144B3-0980-4B40-9ADE-4E91691819C9}.Debug|Any CPU.Build.0 = Debug|Any CPU
		{4B7144B3-0980-4B40-9ADE-4E91691819C9}.Release|Any CPU.ActiveCfg = Release|Any CPU
		{4B7144B3-0980-4B40-9ADE-4E91691819C9}.Release|Any CPU.Build.0 = Release|Any CPU
		{F0B0110F-F76F-4C2B-B44C-B147BD3A1B5A}.Debug|Any CPU.ActiveCfg = Debug|Any CPU
		{F0B0110F-F76F-4C2B-B44C-B147BD3A1B5A}.Debug|Any CPU.Build.0 = Debug|Any CPU
		{F0B0110F-F76F-4C2B-B44C-B147BD3A1B5A}.Release|Any CPU.ActiveCfg = Release|Any CPU
		{F0B0110F-F76F-4C2B-B44C-B147BD3A1B5A}.Release|Any CPU.Build.0 = Release|Any CPU
		{1897C40A-99E1-49D3-AFC2-FE5147BDB1DC}.Debug|Any CPU.ActiveCfg = Debug|Any CPU
		{1897C40A-99E1-49D3-AFC2-FE5147BDB1DC}.Debug|Any CPU.Build.0 = Debug|Any CPU
		{1897C40A-99E1-49D3-AFC2-FE5147BDB1DC}.Release|Any CPU.ActiveCfg = Release|Any CPU
		{1897C40A-99E1-49D3-AFC2-FE5147BDB1DC}.Release|Any CPU.Build.0 = Release|Any CPU
		{C2AA2947-AB24-4E64-805D-893995293BA0}.Debug|Any CPU.ActiveCfg = Debug|Any CPU
		{C2AA2947-AB24-4E64-805D-893995293BA0}.Debug|Any CPU.Build.0 = Debug|Any CPU
		{C2AA2947-AB24-4E64-805D-893995293BA0}.Release|Any CPU.ActiveCfg = Release|Any CPU
		{C2AA2947-AB24-4E64-805D-893995293BA0}.Release|Any CPU.Build.0 = Release|Any CPU
	EndGlobalSection
	GlobalSection(SolutionProperties) = preSolution
		HideSolutionNode = FALSE
	EndGlobalSection
EndGlobal
